
Microsoft Visual Studio Solution File, Format Version 12.00
# Visual Studio Version 16
VisualStudioVersion = 16.0.30204.135
MinimumVisualStudioVersion = 10.0.40219.1
Project("{FAE04EC0-301F-11D3-BF4B-00C04F79EFBC}") = "AzLog", "AzLog.csproj", "{BFD1BD2B-04E3-4BB0-B2F3-B11A380115A5}"
EndProject
Project("{FAE04EC0-301F-11D3-BF4B-00C04F79EFBC}") = "TCore.Settings", "..\liblet\cs\TCore.Settings\TCore.Settings.csproj", "{CF92FD1E-CE88-492E-A7C6-C4D29D908A22}"
EndProject
Project("{2150E333-8FDC-42A3-9474-1A3956D46DE8}") = "Liblets", "Liblets", "{03C551F2-28C1-4591-9F27-DCC9403C8851}"
EndProject
Project("{9A19103F-16F7-4668-BE54-9A1E7A4F7556}") = "TCore.UI", "..\liblet\cs\TCore.UI\TCore.UI.csproj", "{9213A90F-A23F-4BC5-827C-164ECB6C6CC2}"
EndProject
Project("{FAE04EC0-301F-11D3-BF4B-00C04F79EFBC}") = "TCore.ListViewSupp", "..\liblet\cs\TCore.ListViewSupp\TCore.ListViewSupp.csproj", "{25B9AE6C-1AB4-4EDE-B9F4-85629B84F2D3}"
EndProject
Project("{FAE04EC0-301F-11D3-BF4B-00C04F79EFBC}") = "TCore.Util", "..\liblet\cs\TCore.Util\TCore.Util.csproj", "{59868345-BC40-4771-A4D7-7C6A763663F0}"
EndProject
Project("{FAE04EC0-301F-11D3-BF4B-00C04F79EFBC}") = "TCore.CSV", "..\liblet\cs\TCore.CSV\TCore.CSV.csproj", "{E2D2EF30-C48E-4517-93FD-590940E23CE3}"
EndProject
Project("{9A19103F-16F7-4668-BE54-9A1E7A4F7556}") = "TCore.PostfixText", "..\liblet\cs\TCore.Postfixer\PostfixText\TCore.PostfixText.csproj", "{620BC8CC-0BDA-4955-A1A9-27719342205E}"
EndProject
Project("{9A19103F-16F7-4668-BE54-9A1E7A4F7556}") = "XMLIO", "..\liblet\cs\TCore.XMLIO\XMLIO\XMLIO.csproj", "{4EE83236-B73A-42F3-AE94-3482659BEE42}"
EndProject
Project("{9A19103F-16F7-4668-BE54-9A1E7A4F7556}") = "TCore.XmlSettings", "..\liblet\cs\TCore.XmlSettings\TCore.XmlSettings\TCore.XmlSettings.csproj", "{2BA5B544-67D9-4CE7-8F88-7922078CBFDF}"
EndProject
Project("{FAE04EC0-301F-11D3-BF4B-00C04F79EFBC}") = "TCore.StreamEx", "..\liblet\cs\TCore.StreamEx\TCore.StreamEx.csproj", "{A6C31D9E-CA95-4BAA-9B42-7F080DF59067}"
EndProject
Global
	GlobalSection(SolutionConfigurationPlatforms) = preSolution
		AzureRelease|Any CPU = AzureRelease|Any CPU
		Debug|Any CPU = Debug|Any CPU
		LocalDebug|Any CPU = LocalDebug|Any CPU
		Release|Any CPU = Release|Any CPU
	EndGlobalSection
	GlobalSection(ProjectConfigurationPlatforms) = postSolution
		{BFD1BD2B-04E3-4BB0-B2F3-B11A380115A5}.AzureRelease|Any CPU.ActiveCfg = Release|Any CPU
		{BFD1BD2B-04E3-4BB0-B2F3-B11A380115A5}.AzureRelease|Any CPU.Build.0 = Release|Any CPU
		{BFD1BD2B-04E3-4BB0-B2F3-B11A380115A5}.Debug|Any CPU.ActiveCfg = Debug|Any CPU
		{BFD1BD2B-04E3-4BB0-B2F3-B11A380115A5}.Debug|Any CPU.Build.0 = Debug|Any CPU
		{BFD1BD2B-04E3-4BB0-B2F3-B11A380115A5}.LocalDebug|Any CPU.ActiveCfg = Debug|Any CPU
		{BFD1BD2B-04E3-4BB0-B2F3-B11A380115A5}.LocalDebug|Any CPU.Build.0 = Debug|Any CPU
		{BFD1BD2B-04E3-4BB0-B2F3-B11A380115A5}.Release|Any CPU.ActiveCfg = Release|Any CPU
		{BFD1BD2B-04E3-4BB0-B2F3-B11A380115A5}.Release|Any CPU.Build.0 = Release|Any CPU
		{CF92FD1E-CE88-492E-A7C6-C4D29D908A22}.AzureRelease|Any CPU.ActiveCfg = AzureRelease|Any CPU
		{CF92FD1E-CE88-492E-A7C6-C4D29D908A22}.AzureRelease|Any CPU.Build.0 = AzureRelease|Any CPU
		{CF92FD1E-CE88-492E-A7C6-C4D29D908A22}.Debug|Any CPU.ActiveCfg = Debug|Any CPU
		{CF92FD1E-CE88-492E-A7C6-C4D29D908A22}.Debug|Any CPU.Build.0 = Debug|Any CPU
		{CF92FD1E-CE88-492E-A7C6-C4D29D908A22}.LocalDebug|Any CPU.ActiveCfg = LocalDebug|Any CPU
		{CF92FD1E-CE88-492E-A7C6-C4D29D908A22}.LocalDebug|Any CPU.Build.0 = LocalDebug|Any CPU
		{CF92FD1E-CE88-492E-A7C6-C4D29D908A22}.Release|Any CPU.ActiveCfg = Release|Any CPU
		{CF92FD1E-CE88-492E-A7C6-C4D29D908A22}.Release|Any CPU.Build.0 = Release|Any CPU
		{9213A90F-A23F-4BC5-827C-164ECB6C6CC2}.AzureRelease|Any CPU.ActiveCfg = Release|Any CPU
		{9213A90F-A23F-4BC5-827C-164ECB6C6CC2}.AzureRelease|Any CPU.Build.0 = Release|Any CPU
		{9213A90F-A23F-4BC5-827C-164ECB6C6CC2}.Debug|Any CPU.ActiveCfg = Debug|Any CPU
		{9213A90F-A23F-4BC5-827C-164ECB6C6CC2}.Debug|Any CPU.Build.0 = Debug|Any CPU
		{9213A90F-A23F-4BC5-827C-164ECB6C6CC2}.LocalDebug|Any CPU.ActiveCfg = Debug|Any CPU
		{9213A90F-A23F-4BC5-827C-164ECB6C6CC2}.LocalDebug|Any CPU.Build.0 = Debug|Any CPU
		{9213A90F-A23F-4BC5-827C-164ECB6C6CC2}.Release|Any CPU.ActiveCfg = Release|Any CPU
		{9213A90F-A23F-4BC5-827C-164ECB6C6CC2}.Release|Any CPU.Build.0 = Release|Any CPU
		{25B9AE6C-1AB4-4EDE-B9F4-85629B84F2D3}.AzureRelease|Any CPU.ActiveCfg = Release|Any CPU
		{25B9AE6C-1AB4-4EDE-B9F4-85629B84F2D3}.AzureRelease|Any CPU.Build.0 = Release|Any CPU
		{25B9AE6C-1AB4-4EDE-B9F4-85629B84F2D3}.Debug|Any CPU.ActiveCfg = Debug|Any CPU
		{25B9AE6C-1AB4-4EDE-B9F4-85629B84F2D3}.Debug|Any CPU.Build.0 = Debug|Any CPU
		{25B9AE6C-1AB4-4EDE-B9F4-85629B84F2D3}.LocalDebug|Any CPU.ActiveCfg = Debug|Any CPU
		{25B9AE6C-1AB4-4EDE-B9F4-85629B84F2D3}.LocalDebug|Any CPU.Build.0 = Debug|Any CPU
		{25B9AE6C-1AB4-4EDE-B9F4-85629B84F2D3}.Release|Any CPU.ActiveCfg = Release|Any CPU
		{25B9AE6C-1AB4-4EDE-B9F4-85629B84F2D3}.Release|Any CPU.Build.0 = Release|Any CPU
		{59868345-BC40-4771-A4D7-7C6A763663F0}.AzureRelease|Any CPU.ActiveCfg = Release|Any CPU
		{59868345-BC40-4771-A4D7-7C6A763663F0}.AzureRelease|Any CPU.Build.0 = Release|Any CPU
		{59868345-BC40-4771-A4D7-7C6A763663F0}.Debug|Any CPU.ActiveCfg = Debug|Any CPU
		{59868345-BC40-4771-A4D7-7C6A763663F0}.Debug|Any CPU.Build.0 = Debug|Any CPU
		{59868345-BC40-4771-A4D7-7C6A763663F0}.LocalDebug|Any CPU.ActiveCfg = Debug|Any CPU
		{59868345-BC40-4771-A4D7-7C6A763663F0}.LocalDebug|Any CPU.Build.0 = Debug|Any CPU
		{59868345-BC40-4771-A4D7-7C6A763663F0}.Release|Any CPU.ActiveCfg = Release|Any CPU
		{59868345-BC40-4771-A4D7-7C6A763663F0}.Release|Any CPU.Build.0 = Release|Any CPU
		{E2D2EF30-C48E-4517-93FD-590940E23CE3}.AzureRelease|Any CPU.ActiveCfg = Release|Any CPU
		{E2D2EF30-C48E-4517-93FD-590940E23CE3}.AzureRelease|Any CPU.Build.0 = Release|Any CPU
		{E2D2EF30-C48E-4517-93FD-590940E23CE3}.Debug|Any CPU.ActiveCfg = Debug|Any CPU
		{E2D2EF30-C48E-4517-93FD-590940E23CE3}.Debug|Any CPU.Build.0 = Debug|Any CPU
		{E2D2EF30-C48E-4517-93FD-590940E23CE3}.LocalDebug|Any CPU.ActiveCfg = Debug|Any CPU
		{E2D2EF30-C48E-4517-93FD-590940E23CE3}.LocalDebug|Any CPU.Build.0 = Debug|Any CPU
		{E2D2EF30-C48E-4517-93FD-590940E23CE3}.Release|Any CPU.ActiveCfg = Release|Any CPU
		{E2D2EF30-C48E-4517-93FD-590940E23CE3}.Release|Any CPU.Build.0 = Release|Any CPU
		{620BC8CC-0BDA-4955-A1A9-27719342205E}.AzureRelease|Any CPU.ActiveCfg = Release|Any CPU
		{620BC8CC-0BDA-4955-A1A9-27719342205E}.AzureRelease|Any CPU.Build.0 = Release|Any CPU
		{620BC8CC-0BDA-4955-A1A9-27719342205E}.Debug|Any CPU.ActiveCfg = Debug|Any CPU
		{620BC8CC-0BDA-4955-A1A9-27719342205E}.Debug|Any CPU.Build.0 = Debug|Any CPU
		{620BC8CC-0BDA-4955-A1A9-27719342205E}.LocalDebug|Any CPU.ActiveCfg = Debug|Any CPU
		{620BC8CC-0BDA-4955-A1A9-27719342205E}.LocalDebug|Any CPU.Build.0 = Debug|Any CPU
		{620BC8CC-0BDA-4955-A1A9-27719342205E}.Release|Any CPU.ActiveCfg = Release|Any CPU
		{620BC8CC-0BDA-4955-A1A9-27719342205E}.Release|Any CPU.Build.0 = Release|Any CPU
		{4EE83236-B73A-42F3-AE94-3482659BEE42}.AzureRelease|Any CPU.ActiveCfg = Release|Any CPU
		{4EE83236-B73A-42F3-AE94-3482659BEE42}.AzureRelease|Any CPU.Build.0 = Release|Any CPU
		{4EE83236-B73A-42F3-AE94-3482659BEE42}.Debug|Any CPU.ActiveCfg = Debug|Any CPU
		{4EE83236-B73A-42F3-AE94-3482659BEE42}.Debug|Any CPU.Build.0 = Debug|Any CPU
		{4EE83236-B73A-42F3-AE94-3482659BEE42}.LocalDebug|Any CPU.ActiveCfg = Debug|Any CPU
		{4EE83236-B73A-42F3-AE94-3482659BEE42}.LocalDebug|Any CPU.Build.0 = Debug|Any CPU
		{4EE83236-B73A-42F3-AE94-3482659BEE42}.Release|Any CPU.ActiveCfg = Release|Any CPU
		{4EE83236-B73A-42F3-AE94-3482659BEE42}.Release|Any CPU.Build.0 = Release|Any CPU
		{2BA5B544-67D9-4CE7-8F88-7922078CBFDF}.AzureRelease|Any CPU.ActiveCfg = Release|Any CPU
		{2BA5B544-67D9-4CE7-8F88-7922078CBFDF}.AzureRelease|Any CPU.Build.0 = Release|Any CPU
		{2BA5B544-67D9-4CE7-8F88-7922078CBFDF}.Debug|Any CPU.ActiveCfg = Debug|Any CPU
		{2BA5B544-67D9-4CE7-8F88-7922078CBFDF}.Debug|Any CPU.Build.0 = Debug|Any CPU
		{2BA5B544-67D9-4CE7-8F88-7922078CBFDF}.LocalDebug|Any CPU.ActiveCfg = Debug|Any CPU
		{2BA5B544-67D9-4CE7-8F88-7922078CBFDF}.LocalDebug|Any CPU.Build.0 = Debug|Any CPU
		{2BA5B544-67D9-4CE7-8F88-7922078CBFDF}.Release|Any CPU.ActiveCfg = Release|Any CPU
		{2BA5B544-67D9-4CE7-8F88-7922078CBFDF}.Release|Any CPU.Build.0 = Release|Any CPU
		{A6C31D9E-CA95-4BAA-9B42-7F080DF59067}.AzureRelease|Any CPU.ActiveCfg = Release|Any CPU
		{A6C31D9E-CA95-4BAA-9B42-7F080DF59067}.AzureRelease|Any CPU.Build.0 = Release|Any CPU
		{A6C31D9E-CA95-4BAA-9B42-7F080DF59067}.Debug|Any CPU.ActiveCfg = Debug|Any CPU
		{A6C31D9E-CA95-4BAA-9B42-7F080DF59067}.Debug|Any CPU.Build.0 = Debug|Any CPU
		{A6C31D9E-CA95-4BAA-9B42-7F080DF59067}.LocalDebug|Any CPU.ActiveCfg = Debug|Any CPU
		{A6C31D9E-CA95-4BAA-9B42-7F080DF59067}.LocalDebug|Any CPU.Build.0 = Debug|Any CPU
		{A6C31D9E-CA95-4BAA-9B42-7F080DF59067}.Release|Any CPU.ActiveCfg = Release|Any CPU
		{A6C31D9E-CA95-4BAA-9B42-7F080DF59067}.Release|Any CPU.Build.0 = Release|Any CPU
	EndGlobalSection
	GlobalSection(SolutionProperties) = preSolution
		HideSolutionNode = FALSE
	EndGlobalSection
	GlobalSection(NestedProjects) = preSolution
		{CF92FD1E-CE88-492E-A7C6-C4D29D908A22} = {03C551F2-28C1-4591-9F27-DCC9403C8851}
		{9213A90F-A23F-4BC5-827C-164ECB6C6CC2} = {03C551F2-28C1-4591-9F27-DCC9403C8851}
		{25B9AE6C-1AB4-4EDE-B9F4-85629B84F2D3} = {03C551F2-28C1-4591-9F27-DCC9403C8851}
		{59868345-BC40-4771-A4D7-7C6A763663F0} = {03C551F2-28C1-4591-9F27-DCC9403C8851}
		{E2D2EF30-C48E-4517-93FD-590940E23CE3} = {03C551F2-28C1-4591-9F27-DCC9403C8851}
		{620BC8CC-0BDA-4955-A1A9-27719342205E} = {03C551F2-28C1-4591-9F27-DCC9403C8851}
		{4EE83236-B73A-42F3-AE94-3482659BEE42} = {03C551F2-28C1-4591-9F27-DCC9403C8851}
		{2BA5B544-67D9-4CE7-8F88-7922078CBFDF} = {03C551F2-28C1-4591-9F27-DCC9403C8851}
		{A6C31D9E-CA95-4BAA-9B42-7F080DF59067} = {03C551F2-28C1-4591-9F27-DCC9403C8851}
	EndGlobalSection
	GlobalSection(ExtensibilityGlobals) = postSolution
		SolutionGuid = {E3EA3C36-53EB-4BB3-BD5B-3856750D638C}
	EndGlobalSection
EndGlobal
